// !$*UTF8*$!
{
	archiveVersion = 1;
	classes = {
	};
	objectVersion = 56;
	objects = {

/* Begin PBXBuildFile section */
		4817B51D28EAC3FD00BB3841 /* AppDelegate.swift in Sources */ = {isa = PBXBuildFile; fileRef = 4817B51C28EAC3FD00BB3841 /* AppDelegate.swift */; };
		4817B51F28EAC3FD00BB3841 /* SceneDelegate.swift in Sources */ = {isa = PBXBuildFile; fileRef = 4817B51E28EAC3FD00BB3841 /* SceneDelegate.swift */; };
		4817B52128EAC3FD00BB3841 /* SectionsViewController.swift in Sources */ = {isa = PBXBuildFile; fileRef = 4817B52028EAC3FD00BB3841 /* SectionsViewController.swift */; };
		4817B52628EAC3FE00BB3841 /* Assets.xcassets in Resources */ = {isa = PBXBuildFile; fileRef = 4817B52528EAC3FE00BB3841 /* Assets.xcassets */; };
		4817B52928EAC3FE00BB3841 /* LaunchScreen.storyboard in Resources */ = {isa = PBXBuildFile; fileRef = 4817B52728EAC3FE00BB3841 /* LaunchScreen.storyboard */; };
		4817B53128EAC44900BB3841 /* jsonviewer.json in Resources */ = {isa = PBXBuildFile; fileRef = 4817B53028EAC44900BB3841 /* jsonviewer.json */; };
		4817B53328EAC4A500BB3841 /* JsonData.swift in Sources */ = {isa = PBXBuildFile; fileRef = 4817B53228EAC4A500BB3841 /* JsonData.swift */; };
		4817B53F28EB01DC00BB3841 /* EatingHabitsCell.swift in Sources */ = {isa = PBXBuildFile; fileRef = 4817B53E28EB01DC00BB3841 /* EatingHabitsCell.swift */; };
		4817B54828EB79F000BB3841 /* SectionHeader.swift in Sources */ = {isa = PBXBuildFile; fileRef = 4817B54728EB79F000BB3841 /* SectionHeader.swift */; };
/* End PBXBuildFile section */

/* Begin PBXFileReference section */
		4817B51928EAC3FD00BB3841 /* it FACTORY Test task.app */ = {isa = PBXFileReference; explicitFileType = wrapper.application; includeInIndex = 0; path = "it FACTORY Test task.app"; sourceTree = BUILT_PRODUCTS_DIR; };
		4817B51C28EAC3FD00BB3841 /* AppDelegate.swift */ = {isa = PBXFileReference; lastKnownFileType = sourcecode.swift; path = AppDelegate.swift; sourceTree = "<group>"; };
		4817B51E28EAC3FD00BB3841 /* SceneDelegate.swift */ = {isa = PBXFileReference; lastKnownFileType = sourcecode.swift; path = SceneDelegate.swift; sourceTree = "<group>"; };
		4817B52028EAC3FD00BB3841 /* SectionsViewController.swift */ = {isa = PBXFileReference; lastKnownFileType = sourcecode.swift; path = SectionsViewController.swift; sourceTree = "<group>"; };
		4817B52528EAC3FE00BB3841 /* Assets.xcassets */ = {isa = PBXFileReference; lastKnownFileType = folder.assetcatalog; path = Assets.xcassets; sourceTree = "<group>"; };
		4817B52828EAC3FE00BB3841 /* Base */ = {isa = PBXFileReference; lastKnownFileType = file.storyboard; name = Base; path = Base.lproj/LaunchScreen.storyboard; sourceTree = "<group>"; };
		4817B52A28EAC3FE00BB3841 /* Info.plist */ = {isa = PBXFileReference; lastKnownFileType = text.plist.xml; path = Info.plist; sourceTree = "<group>"; };
		4817B53028EAC44900BB3841 /* jsonviewer.json */ = {isa = PBXFileReference; fileEncoding = 4; lastKnownFileType = text.json; path = jsonviewer.json; sourceTree = "<group>"; };
		4817B53228EAC4A500BB3841 /* JsonData.swift */ = {isa = PBXFileReference; lastKnownFileType = sourcecode.swift; path = JsonData.swift; sourceTree = "<group>"; };
		4817B53E28EB01DC00BB3841 /* EatingHabitsCell.swift */ = {isa = PBXFileReference; lastKnownFileType = sourcecode.swift; path = EatingHabitsCell.swift; sourceTree = "<group>"; };
		4817B54728EB79F000BB3841 /* SectionHeader.swift */ = {isa = PBXFileReference; fileEncoding = 4; lastKnownFileType = sourcecode.swift; path = SectionHeader.swift; sourceTree = "<group>"; };
/* End PBXFileReference section */

/* Begin PBXFrameworksBuildPhase section */
		4817B51628EAC3FD00BB3841 /* Frameworks */ = {
			isa = PBXFrameworksBuildPhase;
			buildActionMask = 2147483647;
			files = (
			);
			runOnlyForDeploymentPostprocessing = 0;
		};
/* End PBXFrameworksBuildPhase section */

/* Begin PBXGroup section */
		4817B51028EAC3FD00BB3841 = {
			isa = PBXGroup;
			children = (
				4817B51B28EAC3FD00BB3841 /* it FACTORY Test task */,
				4817B51A28EAC3FD00BB3841 /* Products */,
			);
			sourceTree = "<group>";
		};
		4817B51A28EAC3FD00BB3841 /* Products */ = {
			isa = PBXGroup;
			children = (
				4817B51928EAC3FD00BB3841 /* it FACTORY Test task.app */,
			);
			name = Products;
			sourceTree = "<group>";
		};
		4817B51B28EAC3FD00BB3841 /* it FACTORY Test task */ = {
			isa = PBXGroup;
			children = (
				4817B53D28EB01B600BB3841 /* Cells */,
				4817B53C28EACFAF00BB3841 /* Applications */,
				4817B53928EACF7300BB3841 /* Models */,
				4817B53828EACF6100BB3841 /* ViewControllers */,
				4817B52728EAC3FE00BB3841 /* LaunchScreen.storyboard */,
				4817B52A28EAC3FE00BB3841 /* Info.plist */,
				4817B52528EAC3FE00BB3841 /* Assets.xcassets */,
				4817B53028EAC44900BB3841 /* jsonviewer.json */,
			);
			path = "it FACTORY Test task";
			sourceTree = "<group>";
		};
		4817B53828EACF6100BB3841 /* ViewControllers */ = {
			isa = PBXGroup;
			children = (
				4817B52028EAC3FD00BB3841 /* SectionsViewController.swift */,
			);
			path = ViewControllers;
			sourceTree = "<group>";
		};
		4817B53928EACF7300BB3841 /* Models */ = {
			isa = PBXGroup;
			children = (
				4817B53228EAC4A500BB3841 /* JsonData.swift */,
			);
			path = Models;
			sourceTree = "<group>";
		};
		4817B53C28EACFAF00BB3841 /* Applications */ = {
			isa = PBXGroup;
			children = (
				4817B51C28EAC3FD00BB3841 /* AppDelegate.swift */,
				4817B51E28EAC3FD00BB3841 /* SceneDelegate.swift */,
			);
			path = Applications;
			sourceTree = "<group>";
		};
		4817B53D28EB01B600BB3841 /* Cells */ = {
			isa = PBXGroup;
			children = (
				4817B53E28EB01DC00BB3841 /* EatingHabitsCell.swift */,
				4817B54728EB79F000BB3841 /* SectionHeader.swift */,
			);
			path = Cells;
			sourceTree = "<group>";
		};
/* End PBXGroup section */

/* Begin PBXNativeTarget section */
		4817B51828EAC3FD00BB3841 /* it FACTORY Test task */ = {
			isa = PBXNativeTarget;
			buildConfigurationList = 4817B52D28EAC3FE00BB3841 /* Build configuration list for PBXNativeTarget "it FACTORY Test task" */;
			buildPhases = (
				4817B51528EAC3FD00BB3841 /* Sources */,
				4817B51628EAC3FD00BB3841 /* Frameworks */,
				4817B51728EAC3FD00BB3841 /* Resources */,
			);
			buildRules = (
			);
			dependencies = (
			);
			name = "it FACTORY Test task";
			productName = "it FACTORY Test task";
			productReference = 4817B51928EAC3FD00BB3841 /* it FACTORY Test task.app */;
			productType = "com.apple.product-type.application";
		};
/* End PBXNativeTarget section */

/* Begin PBXProject section */
		4817B51128EAC3FD00BB3841 /* Project object */ = {
			isa = PBXProject;
			attributes = {
				BuildIndependentTargetsInParallel = 1;
				LastSwiftUpdateCheck = 1400;
				LastUpgradeCheck = 1400;
				TargetAttributes = {
					4817B51828EAC3FD00BB3841 = {
						CreatedOnToolsVersion = 14.0;
					};
				};
			};
			buildConfigurationList = 4817B51428EAC3FD00BB3841 /* Build configuration list for PBXProject "it FACTORY Test task" */;
			compatibilityVersion = "Xcode 14.0";
			developmentRegion = en;
			hasScannedForEncodings = 0;
			knownRegions = (
				en,
				Base,
			);
			mainGroup = 4817B51028EAC3FD00BB3841;
			productRefGroup = 4817B51A28EAC3FD00BB3841 /* Products */;
			projectDirPath = "";
			projectRoot = "";
			targets = (
				4817B51828EAC3FD00BB3841 /* it FACTORY Test task */,
			);
		};
/* End PBXProject section */

/* Begin PBXResourcesBuildPhase section */
		4817B51728EAC3FD00BB3841 /* Resources */ = {
			isa = PBXResourcesBuildPhase;
			buildActionMask = 2147483647;
			files = (
				4817B52928EAC3FE00BB3841 /* LaunchScreen.storyboard in Resources */,
				4817B52628EAC3FE00BB3841 /* Assets.xcassets in Resources */,
				4817B53128EAC44900BB3841 /* jsonviewer.json in Resources */,
			);
			runOnlyForDeploymentPostprocessing = 0;
		};
/* End PBXResourcesBuildPhase section */

/* Begin PBXSourcesBuildPhase section */
		4817B51528EAC3FD00BB3841 /* Sources */ = {
			isa = PBXSourcesBuildPhase;
			buildActionMask = 2147483647;
			files = (
				4817B52128EAC3FD00BB3841 /* SectionsViewController.swift in Sources */,
				4817B51D28EAC3FD00BB3841 /* AppDelegate.swift in Sources */,
				4817B54828EB79F000BB3841 /* SectionHeader.swift in Sources */,
				4817B53328EAC4A500BB3841 /* JsonData.swift in Sources */,
				4817B51F28EAC3FD00BB3841 /* SceneDelegate.swift in Sources */,
				4817B53F28EB01DC00BB3841 /* EatingHabitsCell.swift in Sources */,
			);
			runOnlyForDeploymentPostprocessing = 0;
		};
/* End PBXSourcesBuildPhase section */

/* Begin PBXVariantGroup section */
		4817B52728EAC3FE00BB3841 /* LaunchScreen.storyboard */ = {
			isa = PBXVariantGroup;
			children = (
				4817B52828EAC3FE00BB3841 /* Base */,
			);
			name = LaunchScreen.storyboard;
			sourceTree = "<group>";
		};
/* End PBXVariantGroup section */

/* Begin XCBuildConfiguration section */
		4817B52B28EAC3FE00BB3841 /* Debug */ = {
			isa = XCBuildConfiguration;
			buildSettings = {
				ALWAYS_SEARCH_USER_PATHS = NO;
				CLANG_ANALYZER_NONNULL = YES;
				CLANG_ANALYZER_NUMBER_OBJECT_CONVERSION = YES_AGGRESSIVE;
				CLANG_CXX_LANGUAGE_STANDARD = "gnu++20";
				CLANG_ENABLE_MODULES = YES;
				CLANG_ENABLE_OBJC_ARC = YES;
				CLANG_ENABLE_OBJC_WEAK = YES;
				CLANG_WARN_BLOCK_CAPTURE_AUTORELEASING = YES;
				CLANG_WARN_BOOL_CONVERSION = YES;
				CLANG_WARN_COMMA = YES;
				CLANG_WARN_CONSTANT_CONVERSION = YES;
				CLANG_WARN_DEPRECATED_OBJC_IMPLEMENTATIONS = YES;
				CLANG_WARN_DIRECT_OBJC_ISA_USAGE = YES_ERROR;
				CLANG_WARN_DOCUMENTATION_COMMENTS = YES;
				CLANG_WARN_EMPTY_BODY = YES;
				CLANG_WARN_ENUM_CONVERSION = YES;
				CLANG_WARN_INFINITE_RECURSION = YES;
				CLANG_WARN_INT_CONVERSION = YES;
				CLANG_WARN_NON_LITERAL_NULL_CONVERSION = YES;
				CLANG_WARN_OBJC_IMPLICIT_RETAIN_SELF = YES;
				CLANG_WARN_OBJC_LITERAL_CONVERSION = YES;
				CLANG_WARN_OBJC_ROOT_CLASS = YES_ERROR;
				CLANG_WARN_QUOTED_INCLUDE_IN_FRAMEWORK_HEADER = YES;
				CLANG_WARN_RANGE_LOOP_ANALYSIS = YES;
				CLANG_WARN_STRICT_PROTOTYPES = YES;
				CLANG_WARN_SUSPICIOUS_MOVE = YES;
				CLANG_WARN_UNGUARDED_AVAILABILITY = YES_AGGRESSIVE;
				CLANG_WARN_UNREACHABLE_CODE = YES;
				CLANG_WARN__DUPLICATE_METHOD_MATCH = YES;
				COPY_PHASE_STRIP = NO;
				DEBUG_INFORMATION_FORMAT = dwarf;
				ENABLE_STRICT_OBJC_MSGSEND = YES;
				ENABLE_TESTABILITY = YES;
				GCC_C_LANGUAGE_STANDARD = gnu11;
				GCC_DYNAMIC_NO_PIC = NO;
				GCC_NO_COMMON_BLOCKS = YES;
				GCC_OPTIMIZATION_LEVEL = 0;
				GCC_PREPROCESSOR_DEFINITIONS = (
					"DEBUG=1",
					"$(inherited)",
				);
				GCC_WARN_64_TO_32_BIT_CONVERSION = YES;
				GCC_WARN_ABOUT_RETURN_TYPE = YES_ERROR;
				GCC_WARN_UNDECLARED_SELECTOR = YES;
				GCC_WARN_UNINITIALIZED_AUTOS = YES_AGGRESSIVE;
				GCC_WARN_UNUSED_FUNCTION = YES;
				GCC_WARN_UNUSED_VARIABLE = YES;
				IPHONEOS_DEPLOYMENT_TARGET = 16.0;
				MTL_ENABLE_DEBUG_INFO = INCLUDE_SOURCE;
				MTL_FAST_MATH = YES;
				ONLY_ACTIVE_ARCH = YES;
				SDKROOT = iphoneos;
				SWIFT_ACTIVE_COMPILATION_CONDITIONS = DEBUG;
				SWIFT_OPTIMIZATION_LEVEL = "-Onone";
			};
			name = Debug;
		};
		4817B52C28EAC3FE00BB3841 /* Release */ = {
			isa = XCBuildConfiguration;
			buildSettings = {
				ALWAYS_SEARCH_USER_PATHS = NO;
				CLANG_ANALYZER_NONNULL = YES;
				CLANG_ANALYZER_NUMBER_OBJECT_CONVERSION = YES_AGGRESSIVE;
				CLANG_CXX_LANGUAGE_STANDARD = "gnu++20";
				CLANG_ENABLE_MODULES = YES;
				CLANG_ENABLE_OBJC_ARC = YES;
				CLANG_ENABLE_OBJC_WEAK = YES;
				CLANG_WARN_BLOCK_CAPTURE_AUTORELEASING = YES;
				CLANG_WARN_BOOL_CONVERSION = YES;
				CLANG_WARN_COMMA = YES;
				CLANG_WARN_CONSTANT_CONVERSION = YES;
				CLANG_WARN_DEPRECATED_OBJC_IMPLEMENTATIONS = YES;
				CLANG_WARN_DIRECT_OBJC_ISA_USAGE = YES_ERROR;
				CLANG_WARN_DOCUMENTATION_COMMENTS = YES;
				CLANG_WARN_EMPTY_BODY = YES;
				CLANG_WARN_ENUM_CONVERSION = YES;
				CLANG_WARN_INFINITE_RECURSION = YES;
				CLANG_WARN_INT_CONVERSION = YES;
				CLANG_WARN_NON_LITERAL_NULL_CONVERSION = YES;
				CLANG_WARN_OBJC_IMPLICIT_RETAIN_SELF = YES;
				CLANG_WARN_OBJC_LITERAL_CONVERSION = YES;
				CLANG_WARN_OBJC_ROOT_CLASS = YES_ERROR;
				CLANG_WARN_QUOTED_INCLUDE_IN_FRAMEWORK_HEADER = YES;
				CLANG_WARN_RANGE_LOOP_ANALYSIS = YES;
				CLANG_WARN_STRICT_PROTOTYPES = YES;
				CLANG_WARN_SUSPICIOUS_MOVE = YES;
				CLANG_WARN_UNGUARDED_AVAILABILITY = YES_AGGRESSIVE;
				CLANG_WARN_UNREACHABLE_CODE = YES;
				CLANG_WARN__DUPLICATE_METHOD_MATCH = YES;
				COPY_PHASE_STRIP = NO;
				DEBUG_INFORMATION_FORMAT = "dwarf-with-dsym";
				ENABLE_NS_ASSERTIONS = NO;
				ENABLE_STRICT_OBJC_MSGSEND = YES;
				GCC_C_LANGUAGE_STANDARD = gnu11;
				GCC_NO_COMMON_BLOCKS = YES;
				GCC_WARN_64_TO_32_BIT_CONVERSION = YES;
				GCC_WARN_ABOUT_RETURN_TYPE = YES_ERROR;
				GCC_WARN_UNDECLARED_SELECTOR = YES;
				GCC_WARN_UNINITIALIZED_AUTOS = YES_AGGRESSIVE;
				GCC_WARN_UNUSED_FUNCTION = YES;
				GCC_WARN_UNUSED_VARIABLE = YES;
				IPHONEOS_DEPLOYMENT_TARGET = 16.0;
				MTL_ENABLE_DEBUG_INFO = NO;
				MTL_FAST_MATH = YES;
				SDKROOT = iphoneos;
				SWIFT_COMPILATION_MODE = wholemodule;
				SWIFT_OPTIMIZATION_LEVEL = "-O";
				VALIDATE_PRODUCT = YES;
			};
			name = Release;
		};
		4817B52E28EAC3FE00BB3841 /* Debug */ = {
			isa = XCBuildConfiguration;
			buildSettings = {
				ASSETCATALOG_COMPILER_APPICON_NAME = AppIcon;
				ASSETCATALOG_COMPILER_GLOBAL_ACCENT_COLOR_NAME = AccentColor;
				CODE_SIGN_STYLE = Automatic;
				CURRENT_PROJECT_VERSION = 1;
				DEVELOPMENT_TEAM = 3557QUJ6JD;
				GENERATE_INFOPLIST_FILE = YES;
				INFOPLIST_FILE = "it FACTORY Test task/Info.plist";
				INFOPLIST_KEY_UIApplicationSupportsIndirectInputEvents = YES;
				INFOPLIST_KEY_UILaunchStoryboardName = LaunchScreen;
				INFOPLIST_KEY_UISupportedInterfaceOrientations_iPad = "UIInterfaceOrientationPortrait UIInterfaceOrientationPortraitUpsideDown UIInterfaceOrientationLandscapeLeft UIInterfaceOrientationLandscapeRight";
				INFOPLIST_KEY_UISupportedInterfaceOrientations_iPhone = "UIInterfaceOrientationPortrait UIInterfaceOrientationLandscapeLeft UIInterfaceOrientationLandscapeRight";
				LD_RUNPATH_SEARCH_PATHS = (
					"$(inherited)",
					"@executable_path/Frameworks",
				);
				MARKETING_VERSION = 1.0;
				PRODUCT_BUNDLE_IDENTIFIER = "ru.Home.it-FACTORY-Test-task";
				PRODUCT_NAME = "$(TARGET_NAME)";
				SWIFT_EMIT_LOC_STRINGS = YES;
				SWIFT_VERSION = 5.0;
				TARGETED_DEVICE_FAMILY = "1,2";
			};
			name = Debug;
		};
		4817B52F28EAC3FE00BB3841 /* Release */ = {
			isa = XCBuildConfiguration;
			buildSettings = {
				ASSETCATALOG_COMPILER_APPICON_NAME = AppIcon;
				ASSETCATALOG_COMPILER_GLOBAL_ACCENT_COLOR_NAME = AccentColor;
				CODE_SIGN_STYLE = Automatic;
				CURRENT_PROJECT_VERSION = 1;
				DEVELOPMENT_TEAM = 3557QUJ6JD;
				GENERATE_INFOPLIST_FILE = YES;
				INFOPLIST_FILE = "it FACTORY Test task/Info.plist";
				INFOPLIST_KEY_UIApplicationSupportsIndirectInputEvents = YES;
				INFOPLIST_KEY_UILaunchStoryboardName = LaunchScreen;
				INFOPLIST_KEY_UISupportedInterfaceOrientations_iPad = "UIInterfaceOrientationPortrait UIInterfaceOrientationPortraitUpsideDown UIInterfaceOrientationLandscapeLeft UIInterfaceOrientationLandscapeRight";
				INFOPLIST_KEY_UISupportedInterfaceOrientations_iPhone = "UIInterfaceOrientationPortrait UIInterfaceOrientationLandscapeLeft UIInterfaceOrientationLandscapeRight";
				LD_RUNPATH_SEARCH_PATHS = (
					"$(inherited)",
					"@executable_path/Frameworks",
				);
				MARKETING_VERSION = 1.0;
				PRODUCT_BUNDLE_IDENTIFIER = "ru.Home.it-FACTORY-Test-task";
				PRODUCT_NAME = "$(TARGET_NAME)";
				SWIFT_EMIT_LOC_STRINGS = YES;
				SWIFT_VERSION = 5.0;
				TARGETED_DEVICE_FAMILY = "1,2";
			};
			name = Release;
		};
/* End XCBuildConfiguration section */

/* Begin XCConfigurationList section */
		4817B51428EAC3FD00BB3841 /* Build configuration list for PBXProject "it FACTORY Test task" */ = {
			isa = XCConfigurationList;
			buildConfigurations = (
				4817B52B28EAC3FE00BB3841 /* Debug */,
				4817B52C28EAC3FE00BB3841 /* Release */,
			);
			defaultConfigurationIsVisible = 0;
			defaultConfigurationName = Release;
		};
		4817B52D28EAC3FE00BB3841 /* Build configuration list for PBXNativeTarget "it FACTORY Test task" */ = {
			isa = XCConfigurationList;
			buildConfigurations = (
				4817B52E28EAC3FE00BB3841 /* Debug */,
				4817B52F28EAC3FE00BB3841 /* Release */,
			);
			defaultConfigurationIsVisible = 0;
			defaultConfigurationName = Release;
		};
/* End XCConfigurationList section */
	};
	rootObject = 4817B51128EAC3FD00BB3841 /* Project object */;
}
